
Microsoft Visual Studio Solution File, Format Version 12.00
# Visual Studio Version 17
VisualStudioVersion = 17.6.33815.320
MinimumVisualStudioVersion = 10.0.40219.1
Project("{FAE04EC0-301F-11D3-BF4B-00C04F79EFBC}") = "StudentIEnumerableConsole", "StudentIEnumerableConsole\StudentIEnumerableConsole.csproj", "{7ABB58BD-9892-4BC9-8C6A-6A245C6476CF}"
EndProject
Global
	GlobalSection(SolutionConfigurationPlatforms) = preSolution
		Debug|Any CPU = Debug|Any CPU
		Release|Any CPU = Release|Any CPU
	EndGlobalSection
	GlobalSection(ProjectConfigurationPlatforms) = postSolution
		{7ABB58BD-9892-4BC9-8C6A-6A245C6476CF}.Debug|Any CPU.ActiveCfg = Debug|Any CPU
		{7ABB58BD-9892-4BC9-8C6A-6A245C6476CF}.Debug|Any CPU.Build.0 = Debug|Any CPU
		{7ABB58BD-9892-4BC9-8C6A-6A245C6476CF}.Release|Any CPU.ActiveCfg = Release|Any CPU
		{7ABB58BD-9892-4BC9-8C6A-6A245C6476CF}.Release|Any CPU.Build.0 = Release|Any CPU
	EndGlobalSection
	GlobalSection(SolutionProperties) = preSolution
		HideSolutionNode = FALSE
	EndGlobalSection
	GlobalSection(ExtensibilityGlobals) = postSolution
		SolutionGuid = {329532A6-2C62-4D2A-AE46-DD17F6A93FD2}
	EndGlobalSection
EndGlobal
